
Microsoft Visual Studio Solution File, Format Version 12.00
# Visual Studio 14
VisualStudioVersion = 14.0.25420.1
MinimumVisualStudioVersion = 10.0.40219.1
Project("{FAE04EC0-301F-11D3-BF4B-00C04F79EFBC}") = "DocRepositoryWeb", "DocRepositoryWeb\DocRepositoryWeb.csproj", "{B46DEE6F-343B-4D8D-99BF-81FE06B12A6C}"
EndProject
Project("{FAE04EC0-301F-11D3-BF4B-00C04F79EFBC}") = "ModelDomainDoc", "ModelDomainDoc\ModelDomainDoc.csproj", "{E6EC37B5-6265-4147-AF25-984F7FA9E909}"
EndProject
Global
	GlobalSection(SolutionConfigurationPlatforms) = preSolution
		Debug|Any CPU = Debug|Any CPU
		Release|Any CPU = Release|Any CPU
	EndGlobalSection
	GlobalSection(ProjectConfigurationPlatforms) = postSolution
		{B46DEE6F-343B-4D8D-99BF-81FE06B12A6C}.Debug|Any CPU.ActiveCfg = Debug|Any CPU
		{B46DEE6F-343B-4D8D-99BF-81FE06B12A6C}.Debug|Any CPU.Build.0 = Debug|Any CPU
		{B46DEE6F-343B-4D8D-99BF-81FE06B12A6C}.Release|Any CPU.ActiveCfg = Release|Any CPU
		{B46DEE6F-343B-4D8D-99BF-81FE06B12A6C}.Release|Any CPU.Build.0 = Release|Any CPU
		{E6EC37B5-6265-4147-AF25-984F7FA9E909}.Debug|Any CPU.ActiveCfg = Debug|Any CPU
		{E6EC37B5-6265-4147-AF25-984F7FA9E909}.Debug|Any CPU.Build.0 = Debug|Any CPU
		{E6EC37B5-6265-4147-AF25-984F7FA9E909}.Release|Any CPU.ActiveCfg = Release|Any CPU
		{E6EC37B5-6265-4147-AF25-984F7FA9E909}.Release|Any CPU.Build.0 = Release|Any CPU
	EndGlobalSection
	GlobalSection(SolutionProperties) = preSolution
		HideSolutionNode = FALSE
	EndGlobalSection
EndGlobal
